PODS:
  - CCHMapClusterController (1.7.0)
  - SessionMFramework (2.1.5)

DEPENDENCIES:
  - CCHMapClusterController (~> 1.7.0)
  - SessionMFramework (~> 2.1.5)

SPEC CHECKSUMS:
  CCHMapClusterController: d8cd12cd5682ec6cd76d911ac7198f981b6cc1b8
  SessionMFramework: 7402cf74b3887b60df022443959c9bf20e462058

PODFILE CHECKSUM: be6b3af7ea2829ed497d43077f5dfb6775c3506d

COCOAPODS: 1.2.0
