PODS:
  - CCHMapClusterController (1.7.0)
  - SessionMFramework (2.3.2):
    - SessionMFramework/Core (= 2.3.2)
    - SessionMFramework/WebAuth (= 2.3.2)
  - SessionMFramework/Core (2.3.2)
  - SessionMFramework/WebAuth (2.3.2):
    - SessionMFramework/Core

DEPENDENCIES:
  - CCHMapClusterController (~> 1.7.0)
  - SessionMFramework (~> 2.3.2)

SPEC CHECKSUMS:
  CCHMapClusterController: d8cd12cd5682ec6cd76d911ac7198f981b6cc1b8
  SessionMFramework: bcce8d673c5abe7e228e72239400147941330f2d

PODFILE CHECKSUM: 7c06d4ee3987491cce679a94f479d976449a658d

COCOAPODS: 1.2.0
